
Microsoft Visual Studio Solution File, Format Version 12.00
# Visual Studio Version 17
VisualStudioVersion = 17.7.34003.232
MinimumVisualStudioVersion = 10.0.40219.1
Project("{2150E333-8FDC-42A3-9474-1A3956D46DE8}") = "src", "src", "{FCB3DC9A-CA3D-4AE1-8EF9-81A811E1F928}"
EndProject
Project("{2150E333-8FDC-42A3-9474-1A3956D46DE8}") = "Buffer", "Buffer", "{41C24F73-8C2B-4779-83DC-ECAEBECAE9F7}"
EndProject
Project("{9A19103F-16F7-4668-BE54-9A1E7A4F7556}") = "Buffer.WebAPI", "src\Buffer\WebAPI\Buffer.WebAPI.csproj", "{C9CD969D-6195-4FFD-98A8-6C666AA81903}"
EndProject
Project("{9A19103F-16F7-4668-BE54-9A1E7A4F7556}") = "Buffer.Infrastructure", "src\Buffer\Infrastructure\Buffer.Infrastructure.csproj", "{200A3082-3D40-41F5-8655-0F964DEFFFA0}"
EndProject
Project("{2150E333-8FDC-42A3-9474-1A3956D46DE8}") = "Solution Items", "Solution Items", "{7415B658-A8ED-4953-8046-4CDC496204AB}"
	ProjectSection(SolutionItems) = preProject
		docker-compose.yml = docker-compose.yml
		external-services.yml = external-services.yml
		internal-services.yml = internal-services.yml
	EndProjectSection
EndProject
Project("{2150E333-8FDC-42A3-9474-1A3956D46DE8}") = "Shortener", "Shortener", "{3525A5F0-B5BE-4B7E-9A22-F115A2D8AA2D}"
EndProject
Project("{9A19103F-16F7-4668-BE54-9A1E7A4F7556}") = "Shortener.WebAPI", "src\Shortener\WebAPI\Shortener.WebAPI.csproj", "{817EA799-E40F-4FDC-9573-B4972A4AE67A}"
EndProject
Project("{9A19103F-16F7-4668-BE54-9A1E7A4F7556}") = "Shortener.Infrastructure", "src\Shortener\Infrastructure\Shortener.Infrastructure.csproj", "{A9F85F73-6140-475B-898A-35F7033B9F5B}"
EndProject
Project("{2150E333-8FDC-42A3-9474-1A3956D46DE8}") = "Utils", "Utils", "{A24D511B-6827-4C67-9858-652F42B5991F}"
EndProject
Project("{9A19103F-16F7-4668-BE54-9A1E7A4F7556}") = "Shared", "src\Utils\Shared\Shared.csproj", "{FD715255-1762-4C28-AC0A-4A82E90AA65C}"
EndProject
Project("{2150E333-8FDC-42A3-9474-1A3956D46DE8}") = "tests", "tests", "{27B621CD-591E-4650-86AE-55C72C65F9A1}"
EndProject
Project("{2150E333-8FDC-42A3-9474-1A3956D46DE8}") = "ExpiryChecker", "ExpiryChecker", "{73FECBCD-F0DD-4373-948D-DCBB88A852C5}"
EndProject
Project("{9A19103F-16F7-4668-BE54-9A1E7A4F7556}") = "ExpiryChecker.Infrastructure", "src\ExpiryChecker\Infrastructure\ExpiryChecker.Infrastructure.csproj", "{A5B6776E-6971-440C-91ED-3608C256162E}"
EndProject
Project("{9A19103F-16F7-4668-BE54-9A1E7A4F7556}") = "ExpiryChecker.WebAPI", "src\ExpiryChecker\WebAPI\ExpiryChecker.WebAPI.csproj", "{B5837123-1F67-46E4-A3F7-E869176F2BEE}"
EndProject
Project("{2150E333-8FDC-42A3-9474-1A3956D46DE8}") = "Buffer", "Buffer", "{7025CDC7-82F4-4C5E-9F57-48505ADA750D}"
EndProject
Project("{9A19103F-16F7-4668-BE54-9A1E7A4F7556}") = "Buffer.UnitTests", "tests\Buffer\UnitTests\Buffer.UnitTests.csproj", "{834B56AB-3328-4042-9E20-A9600A248617}"
EndProject
Project("{2150E333-8FDC-42A3-9474-1A3956D46DE8}") = "ExpiryChecker", "ExpiryChecker", "{DE66EDFA-25A4-41DA-92BC-CCAA300AABEF}"
EndProject
Project("{9A19103F-16F7-4668-BE54-9A1E7A4F7556}") = "ExpiryChecker.UnitTests", "tests\ExpiryChecker\ExpiryChecker.UnitTests\ExpiryChecker.UnitTests.csproj", "{B663704B-7713-41D0-B0D2-7CE68249BE0D}"
EndProject
Project("{2150E333-8FDC-42A3-9474-1A3956D46DE8}") = "Shortener", "Shortener", "{1A9DAC5D-1F7B-4992-8808-38267EDD4374}"
EndProject
Project("{9A19103F-16F7-4668-BE54-9A1E7A4F7556}") = "Shortener.UnitTests", "tests\Shortener\Shortener.UnitTests\Shortener.UnitTests.csproj", "{9731885B-68C7-4E28-8A2C-F1E9A57847E0}"
EndProject
Project("{2150E333-8FDC-42A3-9474-1A3956D46DE8}") = "Gateway", "Gateway", "{91F4C834-28EA-4265-8A27-FBADF3EAA0FB}"
EndProject
Project("{9A19103F-16F7-4668-BE54-9A1E7A4F7556}") = "Gateway.WebAPI", "src\Gateway\Gateway.WebAPI\Gateway.WebAPI.csproj", "{C9DFA846-4667-4B6F-A30C-41AB0DD8C69C}"
EndProject
Project("{FAE04EC0-301F-11D3-BF4B-00C04F79EFBC}") = "Gateway.Infrastructure", "src\Gateway\Gateway.Infrastructure\Gateway.Infrastructure.csproj", "{809C1D25-0159-4D56-9620-6D3990F987FB}"
EndProject
Global
	GlobalSection(SolutionConfigurationPlatforms) = preSolution
		Debug|Any CPU = Debug|Any CPU
		Release|Any CPU = Release|Any CPU
	EndGlobalSection
	GlobalSection(ProjectConfigurationPlatforms) = postSolution
		{C9CD969D-6195-4FFD-98A8-6C666AA81903}.Debug|Any CPU.ActiveCfg = Debug|Any CPU
		{C9CD969D-6195-4FFD-98A8-6C666AA81903}.Debug|Any CPU.Build.0 = Debug|Any CPU
		{C9CD969D-6195-4FFD-98A8-6C666AA81903}.Release|Any CPU.ActiveCfg = Release|Any CPU
		{C9CD969D-6195-4FFD-98A8-6C666AA81903}.Release|Any CPU.Build.0 = Release|Any CPU
		{200A3082-3D40-41F5-8655-0F964DEFFFA0}.Debug|Any CPU.ActiveCfg = Debug|Any CPU
		{200A3082-3D40-41F5-8655-0F964DEFFFA0}.Debug|Any CPU.Build.0 = Debug|Any CPU
		{200A3082-3D40-41F5-8655-0F964DEFFFA0}.Release|Any CPU.ActiveCfg = Release|Any CPU
		{200A3082-3D40-41F5-8655-0F964DEFFFA0}.Release|Any CPU.Build.0 = Release|Any CPU
		{817EA799-E40F-4FDC-9573-B4972A4AE67A}.Debug|Any CPU.ActiveCfg = Debug|Any CPU
		{817EA799-E40F-4FDC-9573-B4972A4AE67A}.Debug|Any CPU.Build.0 = Debug|Any CPU
		{817EA799-E40F-4FDC-9573-B4972A4AE67A}.Release|Any CPU.ActiveCfg = Release|Any CPU
		{817EA799-E40F-4FDC-9573-B4972A4AE67A}.Release|Any CPU.Build.0 = Release|Any CPU
		{A9F85F73-6140-475B-898A-35F7033B9F5B}.Debug|Any CPU.ActiveCfg = Debug|Any CPU
		{A9F85F73-6140-475B-898A-35F7033B9F5B}.Debug|Any CPU.Build.0 = Debug|Any CPU
		{A9F85F73-6140-475B-898A-35F7033B9F5B}.Release|Any CPU.ActiveCfg = Release|Any CPU
		{A9F85F73-6140-475B-898A-35F7033B9F5B}.Release|Any CPU.Build.0 = Release|Any CPU
		{FD715255-1762-4C28-AC0A-4A82E90AA65C}.Debug|Any CPU.ActiveCfg = Debug|Any CPU
		{FD715255-1762-4C28-AC0A-4A82E90AA65C}.Debug|Any CPU.Build.0 = Debug|Any CPU
		{FD715255-1762-4C28-AC0A-4A82E90AA65C}.Release|Any CPU.ActiveCfg = Release|Any CPU
		{FD715255-1762-4C28-AC0A-4A82E90AA65C}.Release|Any CPU.Build.0 = Release|Any CPU
		{A5B6776E-6971-440C-91ED-3608C256162E}.Debug|Any CPU.ActiveCfg = Debug|Any CPU
		{A5B6776E-6971-440C-91ED-3608C256162E}.Debug|Any CPU.Build.0 = Debug|Any CPU
		{A5B6776E-6971-440C-91ED-3608C256162E}.Release|Any CPU.ActiveCfg = Release|Any CPU
		{A5B6776E-6971-440C-91ED-3608C256162E}.Release|Any CPU.Build.0 = Release|Any CPU
		{B5837123-1F67-46E4-A3F7-E869176F2BEE}.Debug|Any CPU.ActiveCfg = Debug|Any CPU
		{B5837123-1F67-46E4-A3F7-E869176F2BEE}.Debug|Any CPU.Build.0 = Debug|Any CPU
		{B5837123-1F67-46E4-A3F7-E869176F2BEE}.Release|Any CPU.ActiveCfg = Release|Any CPU
		{B5837123-1F67-46E4-A3F7-E869176F2BEE}.Release|Any CPU.Build.0 = Release|Any CPU
		{834B56AB-3328-4042-9E20-A9600A248617}.Debug|Any CPU.ActiveCfg = Debug|Any CPU
		{834B56AB-3328-4042-9E20-A9600A248617}.Debug|Any CPU.Build.0 = Debug|Any CPU
		{834B56AB-3328-4042-9E20-A9600A248617}.Release|Any CPU.ActiveCfg = Release|Any CPU
		{834B56AB-3328-4042-9E20-A9600A248617}.Release|Any CPU.Build.0 = Release|Any CPU
		{B663704B-7713-41D0-B0D2-7CE68249BE0D}.Debug|Any CPU.ActiveCfg = Debug|Any CPU
		{B663704B-7713-41D0-B0D2-7CE68249BE0D}.Debug|Any CPU.Build.0 = Debug|Any CPU
		{B663704B-7713-41D0-B0D2-7CE68249BE0D}.Release|Any CPU.ActiveCfg = Release|Any CPU
		{B663704B-7713-41D0-B0D2-7CE68249BE0D}.Release|Any CPU.Build.0 = Release|Any CPU
		{9731885B-68C7-4E28-8A2C-F1E9A57847E0}.Debug|Any CPU.ActiveCfg = Debug|Any CPU
		{9731885B-68C7-4E28-8A2C-F1E9A57847E0}.Debug|Any CPU.Build.0 = Debug|Any CPU
		{9731885B-68C7-4E28-8A2C-F1E9A57847E0}.Release|Any CPU.ActiveCfg = Release|Any CPU
		{9731885B-68C7-4E28-8A2C-F1E9A57847E0}.Release|Any CPU.Build.0 = Release|Any CPU
		{C9DFA846-4667-4B6F-A30C-41AB0DD8C69C}.Debug|Any CPU.ActiveCfg = Debug|Any CPU
		{C9DFA846-4667-4B6F-A30C-41AB0DD8C69C}.Debug|Any CPU.Build.0 = Debug|Any CPU
		{C9DFA846-4667-4B6F-A30C-41AB0DD8C69C}.Release|Any CPU.ActiveCfg = Release|Any CPU
		{C9DFA846-4667-4B6F-A30C-41AB0DD8C69C}.Release|Any CPU.Build.0 = Release|Any CPU
		{809C1D25-0159-4D56-9620-6D3990F987FB}.Debug|Any CPU.ActiveCfg = Debug|Any CPU
		{809C1D25-0159-4D56-9620-6D3990F987FB}.Debug|Any CPU.Build.0 = Debug|Any CPU
		{809C1D25-0159-4D56-9620-6D3990F987FB}.Release|Any CPU.ActiveCfg = Release|Any CPU
		{809C1D25-0159-4D56-9620-6D3990F987FB}.Release|Any CPU.Build.0 = Release|Any CPU
	EndGlobalSection
	GlobalSection(SolutionProperties) = preSolution
		HideSolutionNode = FALSE
	EndGlobalSection
	GlobalSection(NestedProjects) = preSolution
		{41C24F73-8C2B-4779-83DC-ECAEBECAE9F7} = {FCB3DC9A-CA3D-4AE1-8EF9-81A811E1F928}
		{C9CD969D-6195-4FFD-98A8-6C666AA81903} = {41C24F73-8C2B-4779-83DC-ECAEBECAE9F7}
		{200A3082-3D40-41F5-8655-0F964DEFFFA0} = {41C24F73-8C2B-4779-83DC-ECAEBECAE9F7}
		{3525A5F0-B5BE-4B7E-9A22-F115A2D8AA2D} = {FCB3DC9A-CA3D-4AE1-8EF9-81A811E1F928}
		{817EA799-E40F-4FDC-9573-B4972A4AE67A} = {3525A5F0-B5BE-4B7E-9A22-F115A2D8AA2D}
		{A9F85F73-6140-475B-898A-35F7033B9F5B} = {3525A5F0-B5BE-4B7E-9A22-F115A2D8AA2D}
		{A24D511B-6827-4C67-9858-652F42B5991F} = {FCB3DC9A-CA3D-4AE1-8EF9-81A811E1F928}
		{FD715255-1762-4C28-AC0A-4A82E90AA65C} = {A24D511B-6827-4C67-9858-652F42B5991F}
		{73FECBCD-F0DD-4373-948D-DCBB88A852C5} = {FCB3DC9A-CA3D-4AE1-8EF9-81A811E1F928}
		{A5B6776E-6971-440C-91ED-3608C256162E} = {73FECBCD-F0DD-4373-948D-DCBB88A852C5}
		{B5837123-1F67-46E4-A3F7-E869176F2BEE} = {73FECBCD-F0DD-4373-948D-DCBB88A852C5}
		{7025CDC7-82F4-4C5E-9F57-48505ADA750D} = {27B621CD-591E-4650-86AE-55C72C65F9A1}
		{834B56AB-3328-4042-9E20-A9600A248617} = {7025CDC7-82F4-4C5E-9F57-48505ADA750D}
		{DE66EDFA-25A4-41DA-92BC-CCAA300AABEF} = {27B621CD-591E-4650-86AE-55C72C65F9A1}
		{B663704B-7713-41D0-B0D2-7CE68249BE0D} = {DE66EDFA-25A4-41DA-92BC-CCAA300AABEF}
		{1A9DAC5D-1F7B-4992-8808-38267EDD4374} = {27B621CD-591E-4650-86AE-55C72C65F9A1}
		{9731885B-68C7-4E28-8A2C-F1E9A57847E0} = {1A9DAC5D-1F7B-4992-8808-38267EDD4374}
		{91F4C834-28EA-4265-8A27-FBADF3EAA0FB} = {FCB3DC9A-CA3D-4AE1-8EF9-81A811E1F928}
		{C9DFA846-4667-4B6F-A30C-41AB0DD8C69C} = {91F4C834-28EA-4265-8A27-FBADF3EAA0FB}
		{809C1D25-0159-4D56-9620-6D3990F987FB} = {91F4C834-28EA-4265-8A27-FBADF3EAA0FB}
	EndGlobalSection
	GlobalSection(ExtensibilityGlobals) = postSolution
		SolutionGuid = {81437690-C06D-45AF-91CB-7FFCD14912C1}
	EndGlobalSection
EndGlobal
